{
  "name": "broadersolutions",
  "version": "1.0.0",
  "lockfileVersion": 1,
  "requires": true,
  "dependencies": {
    "bs-data": {
      "version": "file:data",
      "requires": {
        "bs-data-resources": "file:data/resources"
      },
      "dependencies": {
        "bs-data-resources": {
          "version": "file:data/resources",
          "bundled": true
        }
      }
    }
  }
}
