{
  "name": "broader-solutions",
  "version": "1.0.0",
  "lockfileVersion": 1,
  "requires": true,
  "dependencies": {
    "broader-solutions": {
      "version": "file:",
      "requires": {
        "bs-data": "file:data",
        "bs-routes": "file:routes"
      }
    },
    "bs-data": {
      "version": "file:data",
      "requires": {
        "bs-data-resources": "file:data/resources"
      },
      "dependencies": {
        "bs-data-resources": {
          "version": "file:data/resources",
          "bundled": true
        }
      }
    },
    "bs-routes": {
      "version": "file:routes",
      "requires": {
        "broader-solutions": "file:"
      }
    }
  }
}
